
Microsoft Visual Studio Solution File, Format Version 12.00
# Visual Studio 15
VisualStudioVersion = 15.0.28010.2046
MinimumVisualStudioVersion = 10.0.40219.1
Project("{8BC9CEB8-8B4A-11D0-8D11-00A0C91BC942}") = "X-Ways-Virus-Total", "X-Ways-Virus-Total\X-Ways-Virus-Total.vcxproj", "{85C4E47F-A519-4515-BC2F-397FBD290D64}"
	ProjectSection(ProjectDependencies) = postProject
		{1254C76B-1CA6-4F3E-8041-576D859946D5} = {1254C76B-1CA6-4F3E-8041-576D859946D5}
	EndProjectSection
EndProject
Project("{8BC9CEB8-8B4A-11D0-8D11-00A0C91BC942}") = "XT_Main", "XT_Main\XT_Main.vcxproj", "{1254C76B-1CA6-4F3E-8041-576D859946D5}"
EndProject
Global
	GlobalSection(SolutionConfigurationPlatforms) = preSolution
		Debug|x64 = Debug|x64
		Debug|x86 = Debug|x86
		Release|x64 = Release|x64
		Release|x86 = Release|x86
	EndGlobalSection
	GlobalSection(ProjectConfigurationPlatforms) = postSolution
		{85C4E47F-A519-4515-BC2F-397FBD290D64}.Debug|x64.ActiveCfg = Debug|x64
		{85C4E47F-A519-4515-BC2F-397FBD290D64}.Debug|x64.Build.0 = Debug|x64
		{85C4E47F-A519-4515-BC2F-397FBD290D64}.Debug|x86.ActiveCfg = Debug|Win32
		{85C4E47F-A519-4515-BC2F-397FBD290D64}.Debug|x86.Build.0 = Debug|Win32
		{85C4E47F-A519-4515-BC2F-397FBD290D64}.Release|x64.ActiveCfg = Release|x64
		{85C4E47F-A519-4515-BC2F-397FBD290D64}.Release|x64.Build.0 = Release|x64
		{85C4E47F-A519-4515-BC2F-397FBD290D64}.Release|x86.ActiveCfg = Release|Win32
		{85C4E47F-A519-4515-BC2F-397FBD290D64}.Release|x86.Build.0 = Release|Win32
		{1254C76B-1CA6-4F3E-8041-576D859946D5}.Debug|x64.ActiveCfg = Debug|x64
		{1254C76B-1CA6-4F3E-8041-576D859946D5}.Debug|x64.Build.0 = Debug|x64
		{1254C76B-1CA6-4F3E-8041-576D859946D5}.Debug|x86.ActiveCfg = Debug|Win32
		{1254C76B-1CA6-4F3E-8041-576D859946D5}.Debug|x86.Build.0 = Debug|Win32
		{1254C76B-1CA6-4F3E-8041-576D859946D5}.Release|x64.ActiveCfg = Release|x64
		{1254C76B-1CA6-4F3E-8041-576D859946D5}.Release|x64.Build.0 = Release|x64
		{1254C76B-1CA6-4F3E-8041-576D859946D5}.Release|x86.ActiveCfg = Release|Win32
		{1254C76B-1CA6-4F3E-8041-576D859946D5}.Release|x86.Build.0 = Release|Win32
	EndGlobalSection
	GlobalSection(SolutionProperties) = preSolution
		HideSolutionNode = FALSE
	EndGlobalSection
	GlobalSection(ExtensibilityGlobals) = postSolution
		SolutionGuid = {A2B078F7-2631-4B37-A8A2-807ECE67AE86}
	EndGlobalSection
EndGlobal
